
Microsoft Visual Studio Solution File, Format Version 12.00
# Visual Studio Version 17
VisualStudioVersion = 17.14.36616.10 d17.14
MinimumVisualStudioVersion = 10.0.40219.1
Project("{FAE04EC0-301F-11D3-BF4B-00C04F79EFBC}") = "Основы программирования", "Основы программирования\Основы программирования.csproj", "{FE95C92B-9F4E-41DB-8534-2FFA0708524A}"
EndProject
Global
	GlobalSection(SolutionConfigurationPlatforms) = preSolution
		Debug|Any CPU = Debug|Any CPU
		Release|Any CPU = Release|Any CPU
	EndGlobalSection
	GlobalSection(ProjectConfigurationPlatforms) = postSolution
		{FE95C92B-9F4E-41DB-8534-2FFA0708524A}.Debug|Any CPU.ActiveCfg = Debug|Any CPU
		{FE95C92B-9F4E-41DB-8534-2FFA0708524A}.Debug|Any CPU.Build.0 = Debug|Any CPU
		{FE95C92B-9F4E-41DB-8534-2FFA0708524A}.Release|Any CPU.ActiveCfg = Release|Any CPU
		{FE95C92B-9F4E-41DB-8534-2FFA0708524A}.Release|Any CPU.Build.0 = Release|Any CPU
	EndGlobalSection
	GlobalSection(SolutionProperties) = preSolution
		HideSolutionNode = FALSE
	EndGlobalSection
	GlobalSection(ExtensibilityGlobals) = postSolution
		SolutionGuid = {7A16A661-BB39-445E-9CAA-543E149D5FD8}
	EndGlobalSection
EndGlobal
